// !$*UTF8*$!
{
	archiveVersion = 1;
	classes = {
	};
	objectVersion = 46;
	objects = {

/* Begin PBXBuildFile section */
		37FDDB39166805BE007FA669 /* UIKit.framework in Frameworks */ = {isa = PBXBuildFile; fileRef = 37FDDB38166805BE007FA669 /* UIKit.framework */; };
		37FDDB3B166805BE007FA669 /* Foundation.framework in Frameworks */ = {isa = PBXBuildFile; fileRef = 37FDDB3A166805BE007FA669 /* Foundation.framework */; };
		37FDDB3D166805BE007FA669 /* CoreGraphics.framework in Frameworks */ = {isa = PBXBuildFile; fileRef = 37FDDB3C166805BE007FA669 /* CoreGraphics.framework */; };
		37FDDB43166805BE007FA669 /* InfoPlist.strings in Resources */ = {isa = PBXBuildFile; fileRef = 37FDDB41166805BE007FA669 /* InfoPlist.strings */; };
		37FDDB45166805BE007FA669 /* main.m in Sources */ = {isa = PBXBuildFile; fileRef = 37FDDB44166805BE007FA669 /* main.m */; };
		37FDDB49166805BE007FA669 /* AppDelegate.m in Sources */ = {isa = PBXBuildFile; fileRef = 37FDDB48166805BE007FA669 /* AppDelegate.m */; };
		37FDDB4B166805BE007FA669 /* Default.png in Resources */ = {isa = PBXBuildFile; fileRef = 37FDDB4A166805BE007FA669 /* Default.png */; };
		37FDDB4D166805BE007FA669 /* Default@2x.png in Resources */ = {isa = PBXBuildFile; fileRef = 37FDDB4C166805BE007FA669 /* Default@2x.png */; };
		37FDDB4F166805BE007FA669 /* Default-568h@2x.png in Resources */ = {isa = PBXBuildFile; fileRef = 37FDDB4E166805BE007FA669 /* Default-568h@2x.png */; };
		37FDDB52166805BE007FA669 /* ViewController.m in Sources */ = {isa = PBXBuildFile; fileRef = 37FDDB51166805BE007FA669 /* ViewController.m */; };
		37FDDB55166805BE007FA669 /* ViewController.xib in Resources */ = {isa = PBXBuildFile; fileRef = 37FDDB53166805BE007FA669 /* ViewController.xib */; };
		37FDDB8C166D11E2007FA669 /* config.png in Resources */ = {isa = PBXBuildFile; fileRef = 37FDDB89166D11E2007FA669 /* config.png */; };
		37FDDB8D166D11E2007FA669 /* config@2x.png in Resources */ = {isa = PBXBuildFile; fileRef = 37FDDB8A166D11E2007FA669 /* config@2x.png */; };
		37FDDB8E166D11E2007FA669 /* optionsBG@2x.png in Resources */ = {isa = PBXBuildFile; fileRef = 37FDDB8B166D11E2007FA669 /* optionsBG@2x.png */; };
		37FDDB91166D2301007FA669 /* clockViewShadow@2x.png in Resources */ = {isa = PBXBuildFile; fileRef = 37FDDB90166D2301007FA669 /* clockViewShadow@2x.png */; };
		37FDDB94166D3B7C007FA669 /* TPTRotaryChooser.m in Sources */ = {isa = PBXBuildFile; fileRef = 37FDDB93166D3B7C007FA669 /* TPTRotaryChooser.m */; };
		37FDDB9F166D4DA6007FA669 /* QuartzCore.framework in Frameworks */ = {isa = PBXBuildFile; fileRef = 37FDDB9E166D4DA6007FA669 /* QuartzCore.framework */; };
		37FDDBA3166D51D6007FA669 /* bacgroundColors@2x.png in Resources */ = {isa = PBXBuildFile; fileRef = 37FDDBA0166D51D6007FA669 /* bacgroundColors@2x.png */; };
		37FDDBA4166D51D6007FA669 /* dial@2x.png in Resources */ = {isa = PBXBuildFile; fileRef = 37FDDBA1166D51D6007FA669 /* dial@2x.png */; };
		37FDDBA5166D51D6007FA669 /* forgroundColors@2x.png in Resources */ = {isa = PBXBuildFile; fileRef = 37FDDBA2166D51D6007FA669 /* forgroundColors@2x.png */; };
		37FDDBA9166D6E22007FA669 /* UIImage+ImageWithColor.m in Sources */ = {isa = PBXBuildFile; fileRef = 37FDDBA8166D6E22007FA669 /* UIImage+ImageWithColor.m */; };
		37FDDBAE166E7A13007FA669 /* minuteIndicator@2x.png in Resources */ = {isa = PBXBuildFile; fileRef = 37FDDBAD166E7A13007FA669 /* minuteIndicator@2x.png */; };
		37FDDBB6166E974D007FA669 /* bacgroundColors.png in Resources */ = {isa = PBXBuildFile; fileRef = 37FDDBAF166E974D007FA669 /* bacgroundColors.png */; };
		37FDDBB7166E974D007FA669 /* clockViewShadow.png in Resources */ = {isa = PBXBuildFile; fileRef = 37FDDBB0166E974D007FA669 /* clockViewShadow.png */; };
		37FDDBB8166E974D007FA669 /* config.png in Resources */ = {isa = PBXBuildFile; fileRef = 37FDDBB1166E974D007FA669 /* config.png */; };
		37FDDBB9166E974D007FA669 /* dial.png in Resources */ = {isa = PBXBuildFile; fileRef = 37FDDBB2166E974D007FA669 /* dial.png */; };
		37FDDBBA166E974D007FA669 /* forgroundColors.png in Resources */ = {isa = PBXBuildFile; fileRef = 37FDDBB3166E974D007FA669 /* forgroundColors.png */; };
		37FDDBBB166E974D007FA669 /* minuteIndicator.png in Resources */ = {isa = PBXBuildFile; fileRef = 37FDDBB4166E974D007FA669 /* minuteIndicator.png */; };
		37FDDBBC166E974D007FA669 /* optionsBG.png in Resources */ = {isa = PBXBuildFile; fileRef = 37FDDBB5166E974D007FA669 /* optionsBG.png */; };
		37FDDBBF166EA0AE007FA669 /* UIColor+UIColorAdditions.m in Sources */ = {isa = PBXBuildFile; fileRef = 37FDDBBE166EA0AE007FA669 /* UIColor+UIColorAdditions.m */; };
		37FDDBC1166FBA0A007FA669 /* Icon-72@2x.png in Resources */ = {isa = PBXBuildFile; fileRef = 37FDDBC0166FBA0A007FA669 /* Icon-72@2x.png */; };
		37FDDBC3166FBA0F007FA669 /* Icon-72.png in Resources */ = {isa = PBXBuildFile; fileRef = 37FDDBC2166FBA0F007FA669 /* Icon-72.png */; };
/* End PBXBuildFile section */

/* Begin PBXFileReference section */
		37FDDB34166805BE007FA669 /* WordClock.app */ = {isa = PBXFileReference; explicitFileType = wrapper.application; includeInIndex = 0; path = WordClock.app; sourceTree = BUILT_PRODUCTS_DIR; };
		37FDDB38166805BE007FA669 /* UIKit.framework */ = {isa = PBXFileReference; lastKnownFileType = wrapper.framework; name = UIKit.framework; path = System/Library/Frameworks/UIKit.framework; sourceTree = SDKROOT; };
		37FDDB3A166805BE007FA669 /* Foundation.framework */ = {isa = PBXFileReference; lastKnownFileType = wrapper.framework; name = Foundation.framework; path = System/Library/Frameworks/Foundation.framework; sourceTree = SDKROOT; };
		37FDDB3C166805BE007FA669 /* CoreGraphics.framework */ = {isa = PBXFileReference; lastKnownFileType = wrapper.framework; name = CoreGraphics.framework; path = System/Library/Frameworks/CoreGraphics.framework; sourceTree = SDKROOT; };
		37FDDB40166805BE007FA669 /* WordClock-Info.plist */ = {isa = PBXFileReference; lastKnownFileType = text.plist.xml; path = "WordClock-Info.plist"; sourceTree = "<group>"; };
		37FDDB42166805BE007FA669 /* en */ = {isa = PBXFileReference; lastKnownFileType = text.plist.strings; name = en; path = en.lproj/InfoPlist.strings; sourceTree = "<group>"; };
		37FDDB44166805BE007FA669 /* main.m */ = {isa = PBXFileReference; lastKnownFileType = sourcecode.c.objc; path = main.m; sourceTree = "<group>"; };
		37FDDB46166805BE007FA669 /* WordClock-Prefix.pch */ = {isa = PBXFileReference; lastKnownFileType = sourcecode.c.h; path = "WordClock-Prefix.pch"; sourceTree = "<group>"; };
		37FDDB47166805BE007FA669 /* AppDelegate.h */ = {isa = PBXFileReference; lastKnownFileType = sourcecode.c.h; path = AppDelegate.h; sourceTree = "<group>"; };
		37FDDB48166805BE007FA669 /* AppDelegate.m */ = {isa = PBXFileReference; lastKnownFileType = sourcecode.c.objc; path = AppDelegate.m; sourceTree = "<group>"; };
		37FDDB4A166805BE007FA669 /* Default.png */ = {isa = PBXFileReference; lastKnownFileType = image.png; path = Default.png; sourceTree = "<group>"; };
		37FDDB4C166805BE007FA669 /* Default@2x.png */ = {isa = PBXFileReference; lastKnownFileType = image.png; path = "Default@2x.png"; sourceTree = "<group>"; };
		37FDDB4E166805BE007FA669 /* Default-568h@2x.png */ = {isa = PBXFileReference; lastKnownFileType = image.png; path = "Default-568h@2x.png"; sourceTree = "<group>"; };
		37FDDB50166805BE007FA669 /* ViewController.h */ = {isa = PBXFileReference; lastKnownFileType = sourcecode.c.h; path = ViewController.h; sourceTree = "<group>"; };
		37FDDB51166805BE007FA669 /* ViewController.m */ = {isa = PBXFileReference; lastKnownFileType = sourcecode.c.objc; path = ViewController.m; sourceTree = "<group>"; };
		37FDDB54166805BE007FA669 /* en */ = {isa = PBXFileReference; lastKnownFileType = file.xib; name = en; path = en.lproj/ViewController.xib; sourceTree = "<group>"; };
		37FDDB89166D11E2007FA669 /* config.png */ = {isa = PBXFileReference; lastKnownFileType = image.png; name = config.png; path = WordClock/images/config.png; sourceTree = "<group>"; };
		37FDDB8A166D11E2007FA669 /* config@2x.png */ = {isa = PBXFileReference; lastKnownFileType = image.png; name = "config@2x.png"; path = "WordClock/images/config@2x.png"; sourceTree = "<group>"; };
		37FDDB8B166D11E2007FA669 /* optionsBG@2x.png */ = {isa = PBXFileReference; lastKnownFileType = image.png; name = "optionsBG@2x.png"; path = "WordClock/images/optionsBG@2x.png"; sourceTree = "<group>"; };
		37FDDB90166D2301007FA669 /* clockViewShadow@2x.png */ = {isa = PBXFileReference; lastKnownFileType = image.png; name = "clockViewShadow@2x.png"; path = "WordClock/images/clockViewShadow@2x.png"; sourceTree = "<group>"; };
		37FDDB92166D3B7C007FA669 /* TPTRotaryChooser.h */ = {isa = PBXFileReference; fileEncoding = 4; lastKnownFileType = sourcecode.c.h; path = TPTRotaryChooser.h; sourceTree = "<group>"; };
		37FDDB93166D3B7C007FA669 /* TPTRotaryChooser.m */ = {isa = PBXFileReference; fileEncoding = 4; lastKnownFileType = sourcecode.c.objc; path = TPTRotaryChooser.m; sourceTree = "<group>"; };
		37FDDB9E166D4DA6007FA669 /* QuartzCore.framework */ = {isa = PBXFileReference; lastKnownFileType = wrapper.framework; name = QuartzCore.framework; path = System/Library/Frameworks/QuartzCore.framework; sourceTree = SDKROOT; };
		37FDDBA0166D51D6007FA669 /* bacgroundColors@2x.png */ = {isa = PBXFileReference; lastKnownFileType = image.png; name = "bacgroundColors@2x.png"; path = "WordClock/images/bacgroundColors@2x.png"; sourceTree = "<group>"; };
		37FDDBA1166D51D6007FA669 /* dial@2x.png */ = {isa = PBXFileReference; lastKnownFileType = image.png; name = "dial@2x.png"; path = "WordClock/images/dial@2x.png"; sourceTree = "<group>"; };
		37FDDBA2166D51D6007FA669 /* forgroundColors@2x.png */ = {isa = PBXFileReference; lastKnownFileType = image.png; name = "forgroundColors@2x.png"; path = "WordClock/images/forgroundColors@2x.png"; sourceTree = "<group>"; };
		37FDDBA7166D6E22007FA669 /* UIImage+ImageWithColor.h */ = {isa = PBXFileReference; fileEncoding = 4; lastKnownFileType = sourcecode.c.h; path = "UIImage+ImageWithColor.h"; sourceTree = "<group>"; };
		37FDDBA8166D6E22007FA669 /* UIImage+ImageWithColor.m */ = {isa = PBXFileReference; fileEncoding = 4; lastKnownFileType = sourcecode.c.objc; path = "UIImage+ImageWithColor.m"; sourceTree = "<group>"; };
		37FDDBAD166E7A13007FA669 /* minuteIndicator@2x.png */ = {isa = PBXFileReference; lastKnownFileType = image.png; name = "minuteIndicator@2x.png"; path = "WordClock/images/minuteIndicator@2x.png"; sourceTree = "<group>"; };
		37FDDBAF166E974D007FA669 /* bacgroundColors.png */ = {isa = PBXFileReference; lastKnownFileType = image.png; name = bacgroundColors.png; path = WordClock/images/bacgroundColors.png; sourceTree = "<group>"; };
		37FDDBB0166E974D007FA669 /* clockViewShadow.png */ = {isa = PBXFileReference; lastKnownFileType = image.png; name = clockViewShadow.png; path = WordClock/images/clockViewShadow.png; sourceTree = "<group>"; };
		37FDDBB1166E974D007FA669 /* config.png */ = {isa = PBXFileReference; lastKnownFileType = image.png; name = config.png; path = WordClock/images/config.png; sourceTree = "<group>"; };
		37FDDBB2166E974D007FA669 /* dial.png */ = {isa = PBXFileReference; lastKnownFileType = image.png; name = dial.png; path = WordClock/images/dial.png; sourceTree = "<group>"; };
		37FDDBB3166E974D007FA669 /* forgroundColors.png */ = {isa = PBXFileReference; lastKnownFileType = image.png; name = forgroundColors.png; path = WordClock/images/forgroundColors.png; sourceTree = "<group>"; };
		37FDDBB4166E974D007FA669 /* minuteIndicator.png */ = {isa = PBXFileReference; lastKnownFileType = image.png; name = minuteIndicator.png; path = WordClock/images/minuteIndicator.png; sourceTree = "<group>"; };
		37FDDBB5166E974D007FA669 /* optionsBG.png */ = {isa = PBXFileReference; lastKnownFileType = image.png; name = optionsBG.png; path = WordClock/images/optionsBG.png; sourceTree = "<group>"; };
		37FDDBBD166EA0AE007FA669 /* UIColor+UIColorAdditions.h */ = {isa = PBXFileReference; fileEncoding = 4; lastKnownFileType = sourcecode.c.h; path = "UIColor+UIColorAdditions.h"; sourceTree = "<group>"; };
		37FDDBBE166EA0AE007FA669 /* UIColor+UIColorAdditions.m */ = {isa = PBXFileReference; fileEncoding = 4; lastKnownFileType = sourcecode.c.objc; path = "UIColor+UIColorAdditions.m"; sourceTree = "<group>"; };
		37FDDBC0166FBA0A007FA669 /* Icon-72@2x.png */ = {isa = PBXFileReference; lastKnownFileType = image.png; path = "Icon-72@2x.png"; sourceTree = "<group>"; };
		37FDDBC2166FBA0F007FA669 /* Icon-72.png */ = {isa = PBXFileReference; lastKnownFileType = image.png; path = "Icon-72.png"; sourceTree = "<group>"; };
/* End PBXFileReference section */

/* Begin PBXFrameworksBuildPhase section */
		37FDDB31166805BE007FA669 /* Frameworks */ = {
			isa = PBXFrameworksBuildPhase;
			buildActionMask = 2147483647;
			files = (
				37FDDB9F166D4DA6007FA669 /* QuartzCore.framework in Frameworks */,
				37FDDB39166805BE007FA669 /* UIKit.framework in Frameworks */,
				37FDDB3B166805BE007FA669 /* Foundation.framework in Frameworks */,
				37FDDB3D166805BE007FA669 /* CoreGraphics.framework in Frameworks */,
			);
			runOnlyForDeploymentPostprocessing = 0;
		};
/* End PBXFrameworksBuildPhase section */

/* Begin PBXGroup section */
		37FDDB29166805BE007FA669 = {
			isa = PBXGroup;
			children = (
				37FDDBC2166FBA0F007FA669 /* Icon-72.png */,
				37FDDBC0166FBA0A007FA669 /* Icon-72@2x.png */,
				37FDDB9E166D4DA6007FA669 /* QuartzCore.framework */,
				37FDDB5B166805D8007FA669 /* Resources */,
				37FDDB3E166805BE007FA669 /* WordClock */,
				37FDDB711668270D007FA669 /* Categories */,
				37FDDB3F166805BE007FA669 /* Supporting Files */,
				37FDDB37166805BE007FA669 /* Frameworks */,
				37FDDB35166805BE007FA669 /* Products */,
			);
			sourceTree = "<group>";
		};
		37FDDB35166805BE007FA669 /* Products */ = {
			isa = PBXGroup;
			children = (
				37FDDB34166805BE007FA669 /* WordClock.app */,
			);
			name = Products;
			sourceTree = "<group>";
		};
		37FDDB37166805BE007FA669 /* Frameworks */ = {
			isa = PBXGroup;
			children = (
				37FDDB38166805BE007FA669 /* UIKit.framework */,
				37FDDB3A166805BE007FA669 /* Foundation.framework */,
				37FDDB3C166805BE007FA669 /* CoreGraphics.framework */,
			);
			name = Frameworks;
			sourceTree = "<group>";
		};
		37FDDB3E166805BE007FA669 /* WordClock */ = {
			isa = PBXGroup;
			children = (
				37FDDBA6166D6E08007FA669 /* Categories */,
				37FDDB95166D3B81007FA669 /* Controls */,
				37FDDB47166805BE007FA669 /* AppDelegate.h */,
				37FDDB48166805BE007FA669 /* AppDelegate.m */,
				37FDDB50166805BE007FA669 /* ViewController.h */,
				37FDDB51166805BE007FA669 /* ViewController.m */,
			);
			path = WordClock;
			sourceTree = "<group>";
		};
		37FDDB3F166805BE007FA669 /* Supporting Files */ = {
			isa = PBXGroup;
			children = (
				37FDDB40166805BE007FA669 /* WordClock-Info.plist */,
				37FDDB41166805BE007FA669 /* InfoPlist.strings */,
				37FDDB44166805BE007FA669 /* main.m */,
				37FDDB46166805BE007FA669 /* WordClock-Prefix.pch */,
				37FDDB4A166805BE007FA669 /* Default.png */,
				37FDDB4C166805BE007FA669 /* Default@2x.png */,
				37FDDB4E166805BE007FA669 /* Default-568h@2x.png */,
			);
			name = "Supporting Files";
			path = WordClock;
			sourceTree = "<group>";
		};
		37FDDB5B166805D8007FA669 /* Resources */ = {
			isa = PBXGroup;
			children = (
				37FDDB5D166805ED007FA669 /* Images */,
				37FDDB5C166805E7007FA669 /* Xibs */,
			);
			name = Resources;
			sourceTree = "<group>";
		};
		37FDDB5C166805E7007FA669 /* Xibs */ = {
			isa = PBXGroup;
			children = (
				37FDDB53166805BE007FA669 /* ViewController.xib */,
			);
			name = Xibs;
			sourceTree = "<group>";
		};
		37FDDB5D166805ED007FA669 /* Images */ = {
			isa = PBXGroup;
			children = (
				37FDDBAD166E7A13007FA669 /* minuteIndicator@2x.png */,
				37FDDBA0166D51D6007FA669 /* bacgroundColors@2x.png */,
				37FDDBA1166D51D6007FA669 /* dial@2x.png */,
				37FDDBA2166D51D6007FA669 /* forgroundColors@2x.png */,
				37FDDB89166D11E2007FA669 /* config.png */,
				37FDDB8A166D11E2007FA669 /* config@2x.png */,
				37FDDB8B166D11E2007FA669 /* optionsBG@2x.png */,
				37FDDB90166D2301007FA669 /* clockViewShadow@2x.png */,
				37FDDBAF166E974D007FA669 /* bacgroundColors.png */,
				37FDDBB0166E974D007FA669 /* clockViewShadow.png */,
				37FDDBB1166E974D007FA669 /* config.png */,
				37FDDBB2166E974D007FA669 /* dial.png */,
				37FDDBB3166E974D007FA669 /* forgroundColors.png */,
				37FDDBB4166E974D007FA669 /* minuteIndicator.png */,
				37FDDBB5166E974D007FA669 /* optionsBG.png */,
			);
			name = Images;
			sourceTree = "<group>";
		};
		37FDDB711668270D007FA669 /* Categories */ = {
			isa = PBXGroup;
			children = (
			);
			name = Categories;
			sourceTree = "<group>";
		};
		37FDDB95166D3B81007FA669 /* Controls */ = {
			isa = PBXGroup;
			children = (
				37FDDB92166D3B7C007FA669 /* TPTRotaryChooser.h */,
				37FDDB93166D3B7C007FA669 /* TPTRotaryChooser.m */,
			);
			name = Controls;
			sourceTree = "<group>";
		};
		37FDDBA6166D6E08007FA669 /* Categories */ = {
			isa = PBXGroup;
			children = (
				37FDDBA7166D6E22007FA669 /* UIImage+ImageWithColor.h */,
				37FDDBA8166D6E22007FA669 /* UIImage+ImageWithColor.m */,
				37FDDBBD166EA0AE007FA669 /* UIColor+UIColorAdditions.h */,
				37FDDBBE166EA0AE007FA669 /* UIColor+UIColorAdditions.m */,
			);
			name = Categories;
			sourceTree = "<group>";
		};
/* End PBXGroup section */

/* Begin PBXNativeTarget section */
		37FDDB33166805BE007FA669 /* WordClock */ = {
			isa = PBXNativeTarget;
			buildConfigurationList = 37FDDB58166805BE007FA669 /* Build configuration list for PBXNativeTarget "WordClock" */;
			buildPhases = (
				37FDDB30166805BE007FA669 /* Sources */,
				37FDDB31166805BE007FA669 /* Frameworks */,
				37FDDB32166805BE007FA669 /* Resources */,
			);
			buildRules = (
			);
			dependencies = (
			);
			name = WordClock;
			productName = WordClock;
			productReference = 37FDDB34166805BE007FA669 /* WordClock.app */;
			productType = "com.apple.product-type.application";
		};
/* End PBXNativeTarget section */

/* Begin PBXProject section */
		37FDDB2B166805BE007FA669 /* Project object */ = {
			isa = PBXProject;
			attributes = {
				LastUpgradeCheck = 0450;
				ORGANIZATIONNAME = "Braxio Interactive";
			};
			buildConfigurationList = 37FDDB2E166805BE007FA669 /* Build configuration list for PBXProject "WordClock" */;
			compatibilityVersion = "Xcode 3.2";
			developmentRegion = English;
			hasScannedForEncodings = 0;
			knownRegions = (
				en,
			);
			mainGroup = 37FDDB29166805BE007FA669;
			productRefGroup = 37FDDB35166805BE007FA669 /* Products */;
			projectDirPath = "";
			projectRoot = "";
			targets = (
				37FDDB33166805BE007FA669 /* WordClock */,
			);
		};
/* End PBXProject section */

/* Begin PBXResourcesBuildPhase section */
		37FDDB32166805BE007FA669 /* Resources */ = {
			isa = PBXResourcesBuildPhase;
			buildActionMask = 2147483647;
			files = (
				37FDDB43166805BE007FA669 /* InfoPlist.strings in Resources */,
				37FDDB4B166805BE007FA669 /* Default.png in Resources */,
				37FDDB4D166805BE007FA669 /* Default@2x.png in Resources */,
				37FDDB4F166805BE007FA669 /* Default-568h@2x.png in Resources */,
				37FDDB55166805BE007FA669 /* ViewController.xib in Resources */,
				37FDDB8C166D11E2007FA669 /* config.png in Resources */,
				37FDDB8D166D11E2007FA669 /* config@2x.png in Resources */,
				37FDDB8E166D11E2007FA669 /* optionsBG@2x.png in Resources */,
				37FDDB91166D2301007FA669 /* clockViewShadow@2x.png in Resources */,
				37FDDBA3166D51D6007FA669 /* bacgroundColors@2x.png in Resources */,
				37FDDBA4166D51D6007FA669 /* dial@2x.png in Resources */,
				37FDDBA5166D51D6007FA669 /* forgroundColors@2x.png in Resources */,
				37FDDBAE166E7A13007FA669 /* minuteIndicator@2x.png in Resources */,
				37FDDBB6166E974D007FA669 /* bacgroundColors.png in Resources */,
				37FDDBB7166E974D007FA669 /* clockViewShadow.png in Resources */,
				37FDDBB8166E974D007FA669 /* config.png in Resources */,
				37FDDBB9166E974D007FA669 /* dial.png in Resources */,
				37FDDBBA166E974D007FA669 /* forgroundColors.png in Resources */,
				37FDDBBB166E974D007FA669 /* minuteIndicator.png in Resources */,
				37FDDBBC166E974D007FA669 /* optionsBG.png in Resources */,
				37FDDBC1166FBA0A007FA669 /* Icon-72@2x.png in Resources */,
				37FDDBC3166FBA0F007FA669 /* Icon-72.png in Resources */,
			);
			runOnlyForDeploymentPostprocessing = 0;
		};
/* End PBXResourcesBuildPhase section */

/* Begin PBXSourcesBuildPhase section */
		37FDDB30166805BE007FA669 /* Sources */ = {
			isa = PBXSourcesBuildPhase;
			buildActionMask = 2147483647;
			files = (
				37FDDB45166805BE007FA669 /* main.m in Sources */,
				37FDDB49166805BE007FA669 /* AppDelegate.m in Sources */,
				37FDDB52166805BE007FA669 /* ViewController.m in Sources */,
				37FDDB94166D3B7C007FA669 /* TPTRotaryChooser.m in Sources */,
				37FDDBA9166D6E22007FA669 /* UIImage+ImageWithColor.m in Sources */,
				37FDDBBF166EA0AE007FA669 /* UIColor+UIColorAdditions.m in Sources */,
			);
			runOnlyForDeploymentPostprocessing = 0;
		};
/* End PBXSourcesBuildPhase section */

/* Begin PBXVariantGroup section */
		37FDDB41166805BE007FA669 /* InfoPlist.strings */ = {
			isa = PBXVariantGroup;
			children = (
				37FDDB42166805BE007FA669 /* en */,
			);
			name = InfoPlist.strings;
			sourceTree = "<group>";
		};
		37FDDB53166805BE007FA669 /* ViewController.xib */ = {
			isa = PBXVariantGroup;
			children = (
				37FDDB54166805BE007FA669 /* en */,
			);
			name = ViewController.xib;
			path = WordClock;
			sourceTree = "<group>";
		};
/* End PBXVariantGroup section */

/* Begin XCBuildConfiguration section */
		37FDDB56166805BE007FA669 /* Debug */ = {
			isa = XCBuildConfiguration;
			buildSettings = {
				ALWAYS_SEARCH_USER_PATHS = NO;
				CLANG_CXX_LANGUAGE_STANDARD = "gnu++0x";
				CLANG_CXX_LIBRARY = "libc++";
				CLANG_ENABLE_OBJC_ARC = YES;
				CLANG_WARN_EMPTY_BODY = YES;
				CLANG_WARN__DUPLICATE_METHOD_MATCH = YES;
				"CODE_SIGN_IDENTITY[sdk=iphoneos*]" = "iPhone Developer";
				COPY_PHASE_STRIP = NO;
				GCC_C_LANGUAGE_STANDARD = gnu99;
				GCC_DYNAMIC_NO_PIC = NO;
				GCC_OPTIMIZATION_LEVEL = 0;
				GCC_PREPROCESSOR_DEFINITIONS = (
					"DEBUG=1",
					"$(inherited)",
				);
				GCC_SYMBOLS_PRIVATE_EXTERN = NO;
				GCC_WARN_ABOUT_RETURN_TYPE = YES;
				GCC_WARN_UNINITIALIZED_AUTOS = YES;
				GCC_WARN_UNUSED_VARIABLE = YES;
				IPHONEOS_DEPLOYMENT_TARGET = 6.0;
				SDKROOT = iphoneos;
				TARGETED_DEVICE_FAMILY = 2;
			};
			name = Debug;
		};
		37FDDB57166805BE007FA669 /* Release */ = {
			isa = XCBuildConfiguration;
			buildSettings = {
				ALWAYS_SEARCH_USER_PATHS = NO;
				CLANG_CXX_LANGUAGE_STANDARD = "gnu++0x";
				CLANG_CXX_LIBRARY = "libc++";
				CLANG_ENABLE_OBJC_ARC = YES;
				CLANG_WARN_EMPTY_BODY = YES;
				CLANG_WARN__DUPLICATE_METHOD_MATCH = YES;
				"CODE_SIGN_IDENTITY[sdk=iphoneos*]" = "iPhone Developer";
				COPY_PHASE_STRIP = YES;
				GCC_C_LANGUAGE_STANDARD = gnu99;
				GCC_WARN_ABOUT_RETURN_TYPE = YES;
				GCC_WARN_UNINITIALIZED_AUTOS = YES;
				GCC_WARN_UNUSED_VARIABLE = YES;
				IPHONEOS_DEPLOYMENT_TARGET = 6.0;
				OTHER_CFLAGS = "-DNS_BLOCK_ASSERTIONS=1";
				SDKROOT = iphoneos;
				TARGETED_DEVICE_FAMILY = 2;
				VALIDATE_PRODUCT = YES;
			};
			name = Release;
		};
		37FDDB59166805BE007FA669 /* Debug */ = {
			isa = XCBuildConfiguration;
			buildSettings = {
				GCC_PRECOMPILE_PREFIX_HEADER = YES;
				GCC_PREFIX_HEADER = "WordClock/WordClock-Prefix.pch";
				INFOPLIST_FILE = "WordClock/WordClock-Info.plist";
				PRODUCT_NAME = "$(TARGET_NAME)";
				WRAPPER_EXTENSION = app;
			};
			name = Debug;
		};
		37FDDB5A166805BE007FA669 /* Release */ = {
			isa = XCBuildConfiguration;
			buildSettings = {
				GCC_PRECOMPILE_PREFIX_HEADER = YES;
				GCC_PREFIX_HEADER = "WordClock/WordClock-Prefix.pch";
				INFOPLIST_FILE = "WordClock/WordClock-Info.plist";
				PRODUCT_NAME = "$(TARGET_NAME)";
				WRAPPER_EXTENSION = app;
			};
			name = Release;
		};
/* End XCBuildConfiguration section */

/* Begin XCConfigurationList section */
		37FDDB2E166805BE007FA669 /* Build configuration list for PBXProject "WordClock" */ = {
			isa = XCConfigurationList;
			buildConfigurations = (
				37FDDB56166805BE007FA669 /* Debug */,
				37FDDB57166805BE007FA669 /* Release */,
			);
			defaultConfigurationIsVisible = 0;
			defaultConfigurationName = Release;
		};
		37FDDB58166805BE007FA669 /* Build configuration list for PBXNativeTarget "WordClock" */ = {
			isa = XCConfigurationList;
			buildConfigurations = (
				37FDDB59166805BE007FA669 /* Debug */,
				37FDDB5A166805BE007FA669 /* Release */,
			);
			defaultConfigurationIsVisible = 0;
			defaultConfigurationName = Release;
		};
/* End XCConfigurationList section */
	};
	rootObject = 37FDDB2B166805BE007FA669 /* Project object */;
}
